
Microsoft Visual Studio Solution File, Format Version 12.00
# Visual Studio Version 17
VisualStudioVersion = 17.8.34511.84
MinimumVisualStudioVersion = 10.0.40219.1
Project("{FAE04EC0-301F-11D3-BF4B-00C04F79EFBC}") = "Herencia", "Herencia\Herencia.csproj", "{7A878D15-F518-403A-8966-4FBE295B7570}"
EndProject
Global
	GlobalSection(SolutionConfigurationPlatforms) = preSolution
		Debug|Any CPU = Debug|Any CPU
		Release|Any CPU = Release|Any CPU
	EndGlobalSection
	GlobalSection(ProjectConfigurationPlatforms) = postSolution
		{7A878D15-F518-403A-8966-4FBE295B7570}.Debug|Any CPU.ActiveCfg = Debug|Any CPU
		{7A878D15-F518-403A-8966-4FBE295B7570}.Debug|Any CPU.Build.0 = Debug|Any CPU
		{7A878D15-F518-403A-8966-4FBE295B7570}.Release|Any CPU.ActiveCfg = Release|Any CPU
		{7A878D15-F518-403A-8966-4FBE295B7570}.Release|Any CPU.Build.0 = Release|Any CPU
	EndGlobalSection
	GlobalSection(SolutionProperties) = preSolution
		HideSolutionNode = FALSE
	EndGlobalSection
	GlobalSection(ExtensibilityGlobals) = postSolution
		SolutionGuid = {F8665744-F69F-4FC6-8819-B596D680E453}
	EndGlobalSection
EndGlobal
